
Microsoft Visual Studio Solution File, Format Version 12.00
# Visual Studio 14
VisualStudioVersion = 14.0.25420.1
MinimumVisualStudioVersion = 10.0.40219.1
Project("{FAE04EC0-301F-11D3-BF4B-00C04F79EFBC}") = "NetduinoTMP102", "NetduinoTMP102\NetduinoTMP102.csproj", "{ACEF3356-E8B8-4735-9923-D14F264E79C0}"
EndProject
Project("{FAE04EC0-301F-11D3-BF4B-00C04F79EFBC}") = "TMP102", "TMP102\TMP102.csproj", "{F6BA88F4-5D71-4AE0-898A-98D8EB9C4D7D}"
EndProject
Project("{FAE04EC0-301F-11D3-BF4B-00C04F79EFBC}") = "Netduino", "Netduino\Netduino.csproj", "{E5035F5A-B950-4DD8-8C54-61D6305D4599}"
EndProject
Project("{FAE04EC0-301F-11D3-BF4B-00C04F79EFBC}") = "FezPanda", "FezPanda\FezPanda.csproj", "{DA76A219-73D2-495C-B631-CD9689B96C89}"
EndProject
Global
	GlobalSection(SolutionConfigurationPlatforms) = preSolution
		Debug|Any CPU = Debug|Any CPU
		Release|Any CPU = Release|Any CPU
	EndGlobalSection
	GlobalSection(ProjectConfigurationPlatforms) = postSolution
		{ACEF3356-E8B8-4735-9923-D14F264E79C0}.Debug|Any CPU.ActiveCfg = Debug|Any CPU
		{ACEF3356-E8B8-4735-9923-D14F264E79C0}.Debug|Any CPU.Build.0 = Debug|Any CPU
		{ACEF3356-E8B8-4735-9923-D14F264E79C0}.Debug|Any CPU.Deploy.0 = Debug|Any CPU
		{ACEF3356-E8B8-4735-9923-D14F264E79C0}.Release|Any CPU.ActiveCfg = Release|Any CPU
		{ACEF3356-E8B8-4735-9923-D14F264E79C0}.Release|Any CPU.Build.0 = Release|Any CPU
		{ACEF3356-E8B8-4735-9923-D14F264E79C0}.Release|Any CPU.Deploy.0 = Release|Any CPU
		{F6BA88F4-5D71-4AE0-898A-98D8EB9C4D7D}.Debug|Any CPU.ActiveCfg = Debug|Any CPU
		{F6BA88F4-5D71-4AE0-898A-98D8EB9C4D7D}.Debug|Any CPU.Build.0 = Debug|Any CPU
		{F6BA88F4-5D71-4AE0-898A-98D8EB9C4D7D}.Release|Any CPU.ActiveCfg = Release|Any CPU
		{F6BA88F4-5D71-4AE0-898A-98D8EB9C4D7D}.Release|Any CPU.Build.0 = Release|Any CPU
		{E5035F5A-B950-4DD8-8C54-61D6305D4599}.Debug|Any CPU.ActiveCfg = Debug|Any CPU
		{E5035F5A-B950-4DD8-8C54-61D6305D4599}.Debug|Any CPU.Build.0 = Debug|Any CPU
		{E5035F5A-B950-4DD8-8C54-61D6305D4599}.Debug|Any CPU.Deploy.0 = Debug|Any CPU
		{E5035F5A-B950-4DD8-8C54-61D6305D4599}.Release|Any CPU.ActiveCfg = Release|Any CPU
		{E5035F5A-B950-4DD8-8C54-61D6305D4599}.Release|Any CPU.Build.0 = Release|Any CPU
		{E5035F5A-B950-4DD8-8C54-61D6305D4599}.Release|Any CPU.Deploy.0 = Release|Any CPU
		{DA76A219-73D2-495C-B631-CD9689B96C89}.Debug|Any CPU.ActiveCfg = Debug|Any CPU
		{DA76A219-73D2-495C-B631-CD9689B96C89}.Debug|Any CPU.Build.0 = Debug|Any CPU
		{DA76A219-73D2-495C-B631-CD9689B96C89}.Debug|Any CPU.Deploy.0 = Debug|Any CPU
		{DA76A219-73D2-495C-B631-CD9689B96C89}.Release|Any CPU.ActiveCfg = Release|Any CPU
		{DA76A219-73D2-495C-B631-CD9689B96C89}.Release|Any CPU.Build.0 = Release|Any CPU
		{DA76A219-73D2-495C-B631-CD9689B96C89}.Release|Any CPU.Deploy.0 = Release|Any CPU
	EndGlobalSection
	GlobalSection(SolutionProperties) = preSolution
		HideSolutionNode = FALSE
	EndGlobalSection
EndGlobal
